
Microsoft Visual Studio Solution File, Format Version 12.00
# Visual Studio Version 16
VisualStudioVersion = 16.0.31702.278
MinimumVisualStudioVersion = 10.0.40219.1
Project("{8BC9CEB8-8B4A-11D0-8D11-00A0C91BC942}") = "Project2", "Project2\Project2.vcxproj", "{08B72E6F-EFB9-4930-AE48-C8019CE99E65}"
EndProject
Global
	GlobalSection(SolutionConfigurationPlatforms) = preSolution
		Debug|x64 = Debug|x64
		Debug|x86 = Debug|x86
		Release|x64 = Release|x64
		Release|x86 = Release|x86
	EndGlobalSection
	GlobalSection(ProjectConfigurationPlatforms) = postSolution
		{08B72E6F-EFB9-4930-AE48-C8019CE99E65}.Debug|x64.ActiveCfg = Debug|x64
		{08B72E6F-EFB9-4930-AE48-C8019CE99E65}.Debug|x64.Build.0 = Debug|x64
		{08B72E6F-EFB9-4930-AE48-C8019CE99E65}.Debug|x86.ActiveCfg = Debug|Win32
		{08B72E6F-EFB9-4930-AE48-C8019CE99E65}.Debug|x86.Build.0 = Debug|Win32
		{08B72E6F-EFB9-4930-AE48-C8019CE99E65}.Release|x64.ActiveCfg = Release|x64
		{08B72E6F-EFB9-4930-AE48-C8019CE99E65}.Release|x64.Build.0 = Release|x64
		{08B72E6F-EFB9-4930-AE48-C8019CE99E65}.Release|x86.ActiveCfg = Release|Win32
		{08B72E6F-EFB9-4930-AE48-C8019CE99E65}.Release|x86.Build.0 = Release|Win32
	EndGlobalSection
	GlobalSection(SolutionProperties) = preSolution
		HideSolutionNode = FALSE
	EndGlobalSection
	GlobalSection(ExtensibilityGlobals) = postSolution
		SolutionGuid = {D4935FE2-C7FC-49F2-9AB8-297F1483C12A}
	EndGlobalSection
EndGlobal
